// !$*UTF8*$!
{
	archiveVersion = 1;
	classes = {
	};
	objectVersion = 55;
	objects = {

/* Begin PBXBuildFile section */
		6A272C8727C5099700DB5370 /* QuestionsViewController.swift in Sources */ = {isa = PBXBuildFile; fileRef = 6A272C8627C5099700DB5370 /* QuestionsViewController.swift */; };
		6A272C8927C509A700DB5370 /* ResultViewController.swift in Sources */ = {isa = PBXBuildFile; fileRef = 6A272C8827C509A700DB5370 /* ResultViewController.swift */; };
		6AD7301127BE06460081448C /* AppDelegate.swift in Sources */ = {isa = PBXBuildFile; fileRef = 6AD7301027BE06460081448C /* AppDelegate.swift */; };
		6AD7301327BE06460081448C /* SceneDelegate.swift in Sources */ = {isa = PBXBuildFile; fileRef = 6AD7301227BE06460081448C /* SceneDelegate.swift */; };
		6AD7301527BE06460081448C /* IntroductionViewController.swift in Sources */ = {isa = PBXBuildFile; fileRef = 6AD7301427BE06460081448C /* IntroductionViewController.swift */; };
		6AD7301827BE06460081448C /* Main.storyboard in Resources */ = {isa = PBXBuildFile; fileRef = 6AD7301627BE06460081448C /* Main.storyboard */; };
		6AD7301A27BE06470081448C /* Assets.xcassets in Resources */ = {isa = PBXBuildFile; fileRef = 6AD7301927BE06470081448C /* Assets.xcassets */; };
		6AD7301D27BE06470081448C /* LaunchScreen.storyboard in Resources */ = {isa = PBXBuildFile; fileRef = 6AD7301B27BE06470081448C /* LaunchScreen.storyboard */; };
		6AD7302A27BE794B0081448C /* Question.swift in Sources */ = {isa = PBXBuildFile; fileRef = 6AD7302927BE794B0081448C /* Question.swift */; };
/* End PBXBuildFile section */

/* Begin PBXFileReference section */
		6A272C8627C5099700DB5370 /* QuestionsViewController.swift */ = {isa = PBXFileReference; lastKnownFileType = sourcecode.swift; path = QuestionsViewController.swift; sourceTree = "<group>"; };
		6A272C8827C509A700DB5370 /* ResultViewController.swift */ = {isa = PBXFileReference; lastKnownFileType = sourcecode.swift; path = ResultViewController.swift; sourceTree = "<group>"; };
		6AD7300D27BE06460081448C /* 2_4_Quiz_SE.app */ = {isa = PBXFileReference; explicitFileType = wrapper.application; includeInIndex = 0; path = 2_4_Quiz_SE.app; sourceTree = BUILT_PRODUCTS_DIR; };
		6AD7301027BE06460081448C /* AppDelegate.swift */ = {isa = PBXFileReference; lastKnownFileType = sourcecode.swift; path = AppDelegate.swift; sourceTree = "<group>"; };
		6AD7301227BE06460081448C /* SceneDelegate.swift */ = {isa = PBXFileReference; lastKnownFileType = sourcecode.swift; path = SceneDelegate.swift; sourceTree = "<group>"; };
		6AD7301427BE06460081448C /* IntroductionViewController.swift */ = {isa = PBXFileReference; lastKnownFileType = sourcecode.swift; path = IntroductionViewController.swift; sourceTree = "<group>"; };
		6AD7301727BE06460081448C /* Base */ = {isa = PBXFileReference; lastKnownFileType = file.storyboard; name = Base; path = Base.lproj/Main.storyboard; sourceTree = "<group>"; };
		6AD7301927BE06470081448C /* Assets.xcassets */ = {isa = PBXFileReference; lastKnownFileType = folder.assetcatalog; path = Assets.xcassets; sourceTree = "<group>"; };
		6AD7301C27BE06470081448C /* Base */ = {isa = PBXFileReference; lastKnownFileType = file.storyboard; name = Base; path = Base.lproj/LaunchScreen.storyboard; sourceTree = "<group>"; };
		6AD7301E27BE06470081448C /* Info.plist */ = {isa = PBXFileReference; lastKnownFileType = text.plist.xml; path = Info.plist; sourceTree = "<group>"; };
		6AD7302927BE794B0081448C /* Question.swift */ = {isa = PBXFileReference; lastKnownFileType = sourcecode.swift; path = Question.swift; sourceTree = "<group>"; };
/* End PBXFileReference section */

/* Begin PBXFrameworksBuildPhase section */
		6AD7300A27BE06460081448C /* Frameworks */ = {
			isa = PBXFrameworksBuildPhase;
			buildActionMask = 2147483647;
			files = (
			);
			runOnlyForDeploymentPostprocessing = 0;
		};
/* End PBXFrameworksBuildPhase section */

/* Begin PBXGroup section */
		6AD7300427BE06460081448C = {
			isa = PBXGroup;
			children = (
				6AD7300F27BE06460081448C /* 2_4_Quiz_SE */,
				6AD7300E27BE06460081448C /* Products */,
			);
			sourceTree = "<group>";
		};
		6AD7300E27BE06460081448C /* Products */ = {
			isa = PBXGroup;
			children = (
				6AD7300D27BE06460081448C /* 2_4_Quiz_SE.app */,
			);
			name = Products;
			sourceTree = "<group>";
		};
		6AD7300F27BE06460081448C /* 2_4_Quiz_SE */ = {
			isa = PBXGroup;
			children = (
				6AD7302627BE6D5D0081448C /* ViewControllers */,
				6AD7302827BE78010081448C /* Models */,
				6AD7302427BE6D3F0081448C /* Stroyboards */,
				6AD7302727BE6D9A0081448C /* App */,
				6AD7302527BE6D530081448C /* Resources */,
			);
			path = 2_4_Quiz_SE;
			sourceTree = "<group>";
		};
		6AD7302427BE6D3F0081448C /* Stroyboards */ = {
			isa = PBXGroup;
			children = (
				6AD7301627BE06460081448C /* Main.storyboard */,
				6AD7301B27BE06470081448C /* LaunchScreen.storyboard */,
			);
			path = Stroyboards;
			sourceTree = "<group>";
		};
		6AD7302527BE6D530081448C /* Resources */ = {
			isa = PBXGroup;
			children = (
				6AD7301927BE06470081448C /* Assets.xcassets */,
			);
			path = Resources;
			sourceTree = "<group>";
		};
		6AD7302627BE6D5D0081448C /* ViewControllers */ = {
			isa = PBXGroup;
			children = (
				6AD7301427BE06460081448C /* IntroductionViewController.swift */,
				6A272C8627C5099700DB5370 /* QuestionsViewController.swift */,
				6A272C8827C509A700DB5370 /* ResultViewController.swift */,
			);
			path = ViewControllers;
			sourceTree = "<group>";
		};
		6AD7302727BE6D9A0081448C /* App */ = {
			isa = PBXGroup;
			children = (
				6AD7301027BE06460081448C /* AppDelegate.swift */,
				6AD7301227BE06460081448C /* SceneDelegate.swift */,
				6AD7301E27BE06470081448C /* Info.plist */,
			);
			path = App;
			sourceTree = "<group>";
		};
		6AD7302827BE78010081448C /* Models */ = {
			isa = PBXGroup;
			children = (
				6AD7302927BE794B0081448C /* Question.swift */,
			);
			path = Models;
			sourceTree = "<group>";
		};
/* End PBXGroup section */

/* Begin PBXNativeTarget section */
		6AD7300C27BE06460081448C /* 2_4_Quiz_SE */ = {
			isa = PBXNativeTarget;
			buildConfigurationList = 6AD7302127BE06470081448C /* Build configuration list for PBXNativeTarget "2_4_Quiz_SE" */;
			buildPhases = (
				6AD7300927BE06460081448C /* Sources */,
				6AD7300A27BE06460081448C /* Frameworks */,
				6AD7300B27BE06460081448C /* Resources */,
			);
			buildRules = (
			);
			dependencies = (
			);
			name = 2_4_Quiz_SE;
			productName = 2_4_Quiz_SE;
			productReference = 6AD7300D27BE06460081448C /* 2_4_Quiz_SE.app */;
			productType = "com.apple.product-type.application";
		};
/* End PBXNativeTarget section */

/* Begin PBXProject section */
		6AD7300527BE06460081448C /* Project object */ = {
			isa = PBXProject;
			attributes = {
				BuildIndependentTargetsInParallel = 1;
				LastSwiftUpdateCheck = 1320;
				LastUpgradeCheck = 1320;
				TargetAttributes = {
					6AD7300C27BE06460081448C = {
						CreatedOnToolsVersion = 13.2.1;
					};
				};
			};
			buildConfigurationList = 6AD7300827BE06460081448C /* Build configuration list for PBXProject "2_4_Quiz_SE" */;
			compatibilityVersion = "Xcode 13.0";
			developmentRegion = en;
			hasScannedForEncodings = 0;
			knownRegions = (
				en,
				Base,
			);
			mainGroup = 6AD7300427BE06460081448C;
			productRefGroup = 6AD7300E27BE06460081448C /* Products */;
			projectDirPath = "";
			projectRoot = "";
			targets = (
				6AD7300C27BE06460081448C /* 2_4_Quiz_SE */,
			);
		};
/* End PBXProject section */

/* Begin PBXResourcesBuildPhase section */
		6AD7300B27BE06460081448C /* Resources */ = {
			isa = PBXResourcesBuildPhase;
			buildActionMask = 2147483647;
			files = (
				6AD7301D27BE06470081448C /* LaunchScreen.storyboard in Resources */,
				6AD7301A27BE06470081448C /* Assets.xcassets in Resources */,
				6AD7301827BE06460081448C /* Main.storyboard in Resources */,
			);
			runOnlyForDeploymentPostprocessing = 0;
		};
/* End PBXResourcesBuildPhase section */

/* Begin PBXSourcesBuildPhase section */
		6AD7300927BE06460081448C /* Sources */ = {
			isa = PBXSourcesBuildPhase;
			buildActionMask = 2147483647;
			files = (
				6AD7301527BE06460081448C /* IntroductionViewController.swift in Sources */,
				6A272C8727C5099700DB5370 /* QuestionsViewController.swift in Sources */,
				6AD7302A27BE794B0081448C /* Question.swift in Sources */,
				6AD7301127BE06460081448C /* AppDelegate.swift in Sources */,
				6AD7301327BE06460081448C /* SceneDelegate.swift in Sources */,
				6A272C8927C509A700DB5370 /* ResultViewController.swift in Sources */,
			);
			runOnlyForDeploymentPostprocessing = 0;
		};
/* End PBXSourcesBuildPhase section */

/* Begin PBXVariantGroup section */
		6AD7301627BE06460081448C /* Main.storyboard */ = {
			isa = PBXVariantGroup;
			children = (
				6AD7301727BE06460081448C /* Base */,
			);
			name = Main.storyboard;
			sourceTree = "<group>";
		};
		6AD7301B27BE06470081448C /* LaunchScreen.storyboard */ = {
			isa = PBXVariantGroup;
			children = (
				6AD7301C27BE06470081448C /* Base */,
			);
			name = LaunchScreen.storyboard;
			sourceTree = "<group>";
		};
/* End PBXVariantGroup section */

/* Begin XCBuildConfiguration section */
		6AD7301F27BE06470081448C /* Debug */ = {
			isa = XCBuildConfiguration;
			buildSettings = {
				ALWAYS_SEARCH_USER_PATHS = NO;
				CLANG_ANALYZER_NONNULL = YES;
				CLANG_ANALYZER_NUMBER_OBJECT_CONVERSION = YES_AGGRESSIVE;
				CLANG_CXX_LANGUAGE_STANDARD = "gnu++17";
				CLANG_CXX_LIBRARY = "libc++";
				CLANG_ENABLE_MODULES = YES;
				CLANG_ENABLE_OBJC_ARC = YES;
				CLANG_ENABLE_OBJC_WEAK = YES;
				CLANG_WARN_BLOCK_CAPTURE_AUTORELEASING = YES;
				CLANG_WARN_BOOL_CONVERSION = YES;
				CLANG_WARN_COMMA = YES;
				CLANG_WARN_CONSTANT_CONVERSION = YES;
				CLANG_WARN_DEPRECATED_OBJC_IMPLEMENTATIONS = YES;
				CLANG_WARN_DIRECT_OBJC_ISA_USAGE = YES_ERROR;
				CLANG_WARN_DOCUMENTATION_COMMENTS = YES;
				CLANG_WARN_EMPTY_BODY = YES;
				CLANG_WARN_ENUM_CONVERSION = YES;
				CLANG_WARN_INFINITE_RECURSION = YES;
				CLANG_WARN_INT_CONVERSION = YES;
				CLANG_WARN_NON_LITERAL_NULL_CONVERSION = YES;
				CLANG_WARN_OBJC_IMPLICIT_RETAIN_SELF = YES;
				CLANG_WARN_OBJC_LITERAL_CONVERSION = YES;
				CLANG_WARN_OBJC_ROOT_CLASS = YES_ERROR;
				CLANG_WARN_QUOTED_INCLUDE_IN_FRAMEWORK_HEADER = YES;
				CLANG_WARN_RANGE_LOOP_ANALYSIS = YES;
				CLANG_WARN_STRICT_PROTOTYPES = YES;
				CLANG_WARN_SUSPICIOUS_MOVE = YES;
				CLANG_WARN_UNGUARDED_AVAILABILITY = YES_AGGRESSIVE;
				CLANG_WARN_UNREACHABLE_CODE = YES;
				CLANG_WARN__DUPLICATE_METHOD_MATCH = YES;
				COPY_PHASE_STRIP = NO;
				DEBUG_INFORMATION_FORMAT = dwarf;
				ENABLE_STRICT_OBJC_MSGSEND = YES;
				ENABLE_TESTABILITY = YES;
				GCC_C_LANGUAGE_STANDARD = gnu11;
				GCC_DYNAMIC_NO_PIC = NO;
				GCC_NO_COMMON_BLOCKS = YES;
				GCC_OPTIMIZATION_LEVEL = 0;
				GCC_PREPROCESSOR_DEFINITIONS = (
					"DEBUG=1",
					"$(inherited)",
				);
				GCC_WARN_64_TO_32_BIT_CONVERSION = YES;
				GCC_WARN_ABOUT_RETURN_TYPE = YES_ERROR;
				GCC_WARN_UNDECLARED_SELECTOR = YES;
				GCC_WARN_UNINITIALIZED_AUTOS = YES_AGGRESSIVE;
				GCC_WARN_UNUSED_FUNCTION = YES;
				GCC_WARN_UNUSED_VARIABLE = YES;
				INFOPLIST_FILE = "";
				IPHONEOS_DEPLOYMENT_TARGET = 15.2;
				MTL_ENABLE_DEBUG_INFO = INCLUDE_SOURCE;
				MTL_FAST_MATH = YES;
				ONLY_ACTIVE_ARCH = YES;
				PRODUCT_NAME = "";
				SDKROOT = iphoneos;
				SWIFT_ACTIVE_COMPILATION_CONDITIONS = DEBUG;
				SWIFT_OPTIMIZATION_LEVEL = "-Onone";
			};
			name = Debug;
		};
		6AD7302027BE06470081448C /* Release */ = {
			isa = XCBuildConfiguration;
			buildSettings = {
				ALWAYS_SEARCH_USER_PATHS = NO;
				CLANG_ANALYZER_NONNULL = YES;
				CLANG_ANALYZER_NUMBER_OBJECT_CONVERSION = YES_AGGRESSIVE;
				CLANG_CXX_LANGUAGE_STANDARD = "gnu++17";
				CLANG_CXX_LIBRARY = "libc++";
				CLANG_ENABLE_MODULES = YES;
				CLANG_ENABLE_OBJC_ARC = YES;
				CLANG_ENABLE_OBJC_WEAK = YES;
				CLANG_WARN_BLOCK_CAPTURE_AUTORELEASING = YES;
				CLANG_WARN_BOOL_CONVERSION = YES;
				CLANG_WARN_COMMA = YES;
				CLANG_WARN_CONSTANT_CONVERSION = YES;
				CLANG_WARN_DEPRECATED_OBJC_IMPLEMENTATIONS = YES;
				CLANG_WARN_DIRECT_OBJC_ISA_USAGE = YES_ERROR;
				CLANG_WARN_DOCUMENTATION_COMMENTS = YES;
				CLANG_WARN_EMPTY_BODY = YES;
				CLANG_WARN_ENUM_CONVERSION = YES;
				CLANG_WARN_INFINITE_RECURSION = YES;
				CLANG_WARN_INT_CONVERSION = YES;
				CLANG_WARN_NON_LITERAL_NULL_CONVERSION = YES;
				CLANG_WARN_OBJC_IMPLICIT_RETAIN_SELF = YES;
				CLANG_WARN_OBJC_LITERAL_CONVERSION = YES;
				CLANG_WARN_OBJC_ROOT_CLASS = YES_ERROR;
				CLANG_WARN_QUOTED_INCLUDE_IN_FRAMEWORK_HEADER = YES;
				CLANG_WARN_RANGE_LOOP_ANALYSIS = YES;
				CLANG_WARN_STRICT_PROTOTYPES = YES;
				CLANG_WARN_SUSPICIOUS_MOVE = YES;
				CLANG_WARN_UNGUARDED_AVAILABILITY = YES_AGGRESSIVE;
				CLANG_WARN_UNREACHABLE_CODE = YES;
				CLANG_WARN__DUPLICATE_METHOD_MATCH = YES;
				COPY_PHASE_STRIP = NO;
				DEBUG_INFORMATION_FORMAT = "dwarf-with-dsym";
				ENABLE_NS_ASSERTIONS = NO;
				ENABLE_STRICT_OBJC_MSGSEND = YES;
				GCC_C_LANGUAGE_STANDARD = gnu11;
				GCC_NO_COMMON_BLOCKS = YES;
				GCC_WARN_64_TO_32_BIT_CONVERSION = YES;
				GCC_WARN_ABOUT_RETURN_TYPE = YES_ERROR;
				GCC_WARN_UNDECLARED_SELECTOR = YES;
				GCC_WARN_UNINITIALIZED_AUTOS = YES_AGGRESSIVE;
				GCC_WARN_UNUSED_FUNCTION = YES;
				GCC_WARN_UNUSED_VARIABLE = YES;
				INFOPLIST_FILE = "";
				IPHONEOS_DEPLOYMENT_TARGET = 15.2;
				MTL_ENABLE_DEBUG_INFO = NO;
				MTL_FAST_MATH = YES;
				PRODUCT_NAME = "";
				SDKROOT = iphoneos;
				SWIFT_COMPILATION_MODE = wholemodule;
				SWIFT_OPTIMIZATION_LEVEL = "-O";
				VALIDATE_PRODUCT = YES;
			};
			name = Release;
		};
		6AD7302227BE06470081448C /* Debug */ = {
			isa = XCBuildConfiguration;
			buildSettings = {
				ASSETCATALOG_COMPILER_APPICON_NAME = AppIcon;
				ASSETCATALOG_COMPILER_GLOBAL_ACCENT_COLOR_NAME = AccentColor;
				CODE_SIGN_STYLE = Automatic;
				CURRENT_PROJECT_VERSION = 1;
				DEVELOPMENT_TEAM = 9Y6293N9NZ;
				GENERATE_INFOPLIST_FILE = YES;
				INFOPLIST_FILE = 2_4_Quiz_SE/App/Info.plist;
				INFOPLIST_KEY_UIApplicationSupportsIndirectInputEvents = YES;
				INFOPLIST_KEY_UILaunchStoryboardName = LaunchScreen;
				INFOPLIST_KEY_UIMainStoryboardFile = Main;
				INFOPLIST_KEY_UISupportedInterfaceOrientations_iPad = "UIInterfaceOrientationPortrait UIInterfaceOrientationPortraitUpsideDown UIInterfaceOrientationLandscapeLeft UIInterfaceOrientationLandscapeRight";
				INFOPLIST_KEY_UISupportedInterfaceOrientations_iPhone = "UIInterfaceOrientationPortrait UIInterfaceOrientationLandscapeLeft UIInterfaceOrientationLandscapeRight";
				LD_RUNPATH_SEARCH_PATHS = (
					"$(inherited)",
					"@executable_path/Frameworks",
				);
				MARKETING_VERSION = 1.0;
				PRODUCT_BUNDLE_IDENTIFIER = "ru.--4-Quiz-SE";
				PRODUCT_NAME = "$(TARGET_NAME)";
				SWIFT_EMIT_LOC_STRINGS = YES;
				SWIFT_VERSION = 5.0;
				TARGETED_DEVICE_FAMILY = 1;
			};
			name = Debug;
		};
		6AD7302327BE06470081448C /* Release */ = {
			isa = XCBuildConfiguration;
			buildSettings = {
				ASSETCATALOG_COMPILER_APPICON_NAME = AppIcon;
				ASSETCATALOG_COMPILER_GLOBAL_ACCENT_COLOR_NAME = AccentColor;
				CODE_SIGN_STYLE = Automatic;
				CURRENT_PROJECT_VERSION = 1;
				DEVELOPMENT_TEAM = 9Y6293N9NZ;
				GENERATE_INFOPLIST_FILE = YES;
				INFOPLIST_FILE = 2_4_Quiz_SE/App/Info.plist;
				INFOPLIST_KEY_UIApplicationSupportsIndirectInputEvents = YES;
				INFOPLIST_KEY_UILaunchStoryboardName = LaunchScreen;
				INFOPLIST_KEY_UIMainStoryboardFile = Main;
				INFOPLIST_KEY_UISupportedInterfaceOrientations_iPad = "UIInterfaceOrientationPortrait UIInterfaceOrientationPortraitUpsideDown UIInterfaceOrientationLandscapeLeft UIInterfaceOrientationLandscapeRight";
				INFOPLIST_KEY_UISupportedInterfaceOrientations_iPhone = "UIInterfaceOrientationPortrait UIInterfaceOrientationLandscapeLeft UIInterfaceOrientationLandscapeRight";
				LD_RUNPATH_SEARCH_PATHS = (
					"$(inherited)",
					"@executable_path/Frameworks",
				);
				MARKETING_VERSION = 1.0;
				PRODUCT_BUNDLE_IDENTIFIER = "ru.--4-Quiz-SE";
				PRODUCT_NAME = "$(TARGET_NAME)";
				SWIFT_EMIT_LOC_STRINGS = YES;
				SWIFT_VERSION = 5.0;
				TARGETED_DEVICE_FAMILY = 1;
			};
			name = Release;
		};
/* End XCBuildConfiguration section */

/* Begin XCConfigurationList section */
		6AD7300827BE06460081448C /* Build configuration list for PBXProject "2_4_Quiz_SE" */ = {
			isa = XCConfigurationList;
			buildConfigurations = (
				6AD7301F27BE06470081448C /* Debug */,
				6AD7302027BE06470081448C /* Release */,
			);
			defaultConfigurationIsVisible = 0;
			defaultConfigurationName = Release;
		};
		6AD7302127BE06470081448C /* Build configuration list for PBXNativeTarget "2_4_Quiz_SE" */ = {
			isa = XCConfigurationList;
			buildConfigurations = (
				6AD7302227BE06470081448C /* Debug */,
				6AD7302327BE06470081448C /* Release */,
			);
			defaultConfigurationIsVisible = 0;
			defaultConfigurationName = Release;
		};
/* End XCConfigurationList section */
	};
	rootObject = 6AD7300527BE06460081448C /* Project object */;
}
